
Microsoft Visual Studio Solution File, Format Version 12.00
# Visual Studio Version 17
VisualStudioVersion = 17.14.36017.23 d17.14
MinimumVisualStudioVersion = 10.0.40219.1
Project("{FAE04EC0-301F-11D3-BF4B-00C04F79EFBC}") = "PocAdmin.API", "PocAdmin.API.csproj", "{FF46EC80-B104-4F21-B2B8-2BE459489470}"
EndProject
Project("{FAE04EC0-301F-11D3-BF4B-00C04F79EFBC}") = "PocAdmin.Application", "..\PocAdmin.Application\PocAdmin.Application.csproj", "{4855AE90-0FA8-47CB-9575-E8636F0D7839}"
EndProject
Project("{FAE04EC0-301F-11D3-BF4B-00C04F79EFBC}") = "PocAdmin.Domain", "..\PocAdmin.Domain\PocAdmin.Domain.csproj", "{F6DE89AE-9C4F-48A5-AD20-3E5D05A55AA7}"
EndProject
Project("{FAE04EC0-301F-11D3-BF4B-00C04F79EFBC}") = "PocAdmin.Infrastructure", "..\PocAdmin.Infrastructure\PocAdmin.Infrastructure.csproj", "{F197EF19-6529-496D-9F08-CFCD4DC97A62}"
EndProject
Global
	GlobalSection(SolutionConfigurationPlatforms) = preSolution
		Debug|Any CPU = Debug|Any CPU
		Release|Any CPU = Release|Any CPU
	EndGlobalSection
	GlobalSection(ProjectConfigurationPlatforms) = postSolution
		{FF46EC80-B104-4F21-B2B8-2BE459489470}.Debug|Any CPU.ActiveCfg = Debug|Any CPU
		{FF46EC80-B104-4F21-B2B8-2BE459489470}.Debug|Any CPU.Build.0 = Debug|Any CPU
		{FF46EC80-B104-4F21-B2B8-2BE459489470}.Release|Any CPU.ActiveCfg = Release|Any CPU
		{FF46EC80-B104-4F21-B2B8-2BE459489470}.Release|Any CPU.Build.0 = Release|Any CPU
		{4855AE90-0FA8-47CB-9575-E8636F0D7839}.Debug|Any CPU.ActiveCfg = Debug|Any CPU
		{4855AE90-0FA8-47CB-9575-E8636F0D7839}.Debug|Any CPU.Build.0 = Debug|Any CPU
		{4855AE90-0FA8-47CB-9575-E8636F0D7839}.Release|Any CPU.ActiveCfg = Release|Any CPU
		{4855AE90-0FA8-47CB-9575-E8636F0D7839}.Release|Any CPU.Build.0 = Release|Any CPU
		{F6DE89AE-9C4F-48A5-AD20-3E5D05A55AA7}.Debug|Any CPU.ActiveCfg = Debug|Any CPU
		{F6DE89AE-9C4F-48A5-AD20-3E5D05A55AA7}.Debug|Any CPU.Build.0 = Debug|Any CPU
		{F6DE89AE-9C4F-48A5-AD20-3E5D05A55AA7}.Release|Any CPU.ActiveCfg = Release|Any CPU
		{F6DE89AE-9C4F-48A5-AD20-3E5D05A55AA7}.Release|Any CPU.Build.0 = Release|Any CPU
		{F197EF19-6529-496D-9F08-CFCD4DC97A62}.Debug|Any CPU.ActiveCfg = Debug|Any CPU
		{F197EF19-6529-496D-9F08-CFCD4DC97A62}.Debug|Any CPU.Build.0 = Debug|Any CPU
		{F197EF19-6529-496D-9F08-CFCD4DC97A62}.Release|Any CPU.ActiveCfg = Release|Any CPU
		{F197EF19-6529-496D-9F08-CFCD4DC97A62}.Release|Any CPU.Build.0 = Release|Any CPU
	EndGlobalSection
	GlobalSection(SolutionProperties) = preSolution
		HideSolutionNode = FALSE
	EndGlobalSection
	GlobalSection(ExtensibilityGlobals) = postSolution
		SolutionGuid = {6ADB4F3B-6B44-4860-8372-7B8BBE57B35D}
	EndGlobalSection
EndGlobal
